
Microsoft Visual Studio Solution File, Format Version 12.00
# Visual Studio Version 16
VisualStudioVersion = 16.0.30523.141
MinimumVisualStudioVersion = 10.0.40219.1
Project("{FAE04EC0-301F-11D3-BF4B-00C04F79EFBC}") = "FileManager", "FileManager\FileManager.csproj", "{6E9F736C-676C-4A47-8C90-0DE25E209C95}"
EndProject
Global
	GlobalSection(SolutionConfigurationPlatforms) = preSolution
		Debug|Any CPU = Debug|Any CPU
		Release|Any CPU = Release|Any CPU
	EndGlobalSection
	GlobalSection(ProjectConfigurationPlatforms) = postSolution
		{6E9F736C-676C-4A47-8C90-0DE25E209C95}.Debug|Any CPU.ActiveCfg = Debug|Any CPU
		{6E9F736C-676C-4A47-8C90-0DE25E209C95}.Debug|Any CPU.Build.0 = Debug|Any CPU
		{6E9F736C-676C-4A47-8C90-0DE25E209C95}.Release|Any CPU.ActiveCfg = Release|Any CPU
		{6E9F736C-676C-4A47-8C90-0DE25E209C95}.Release|Any CPU.Build.0 = Release|Any CPU
	EndGlobalSection
	GlobalSection(SolutionProperties) = preSolution
		HideSolutionNode = FALSE
	EndGlobalSection
	GlobalSection(ExtensibilityGlobals) = postSolution
		SolutionGuid = {032AD5FE-7E4A-4EE3-8F8F-FA50B06054B4}
	EndGlobalSection
EndGlobal
